
Microsoft Visual Studio Solution File, Format Version 12.00
Project("{FAE04EC0-301F-11D3-BF4B-00C04F79EFBC}") = "AlfaTMReportsConverter.Web", "src\Web\AlfaTMReportsConverter.Web\AlfaTMReportsConverter.Web.csproj", "{F5FC4672-5A49-42AC-9FE1-23A676A5A468}"
EndProject
Global
	GlobalSection(SolutionConfigurationPlatforms) = preSolution
		Debug|Any CPU = Debug|Any CPU
		Release|Any CPU = Release|Any CPU
	EndGlobalSection
	GlobalSection(ProjectConfigurationPlatforms) = postSolution
		{F5FC4672-5A49-42AC-9FE1-23A676A5A468}.Debug|Any CPU.ActiveCfg = Debug|Any CPU
		{F5FC4672-5A49-42AC-9FE1-23A676A5A468}.Debug|Any CPU.Build.0 = Debug|Any CPU
		{F5FC4672-5A49-42AC-9FE1-23A676A5A468}.Release|Any CPU.ActiveCfg = Release|Any CPU
		{F5FC4672-5A49-42AC-9FE1-23A676A5A468}.Release|Any CPU.Build.0 = Release|Any CPU
	EndGlobalSection
EndGlobal
